// !$*UTF8*$!
{
	archiveVersion = 1;
	classes = {
	};
	objectVersion = 50;
	objects = {

/* Begin PBXBuildFile section */
		0C53DCD0C0E2651D1294ADA6 /* Pods_TumblrUITests.framework in Frameworks */ = {isa = PBXBuildFile; fileRef = E87F8254FDEB2C75D212C497 /* Pods_TumblrUITests.framework */; };
		662E22AD22284231005D6A97 /* PhotoDetailsViewController.swift in Sources */ = {isa = PBXBuildFile; fileRef = 662E22AC22284231005D6A97 /* PhotoDetailsViewController.swift */; };
		66D25B052227AF6C00702DB5 /* AppDelegate.swift in Sources */ = {isa = PBXBuildFile; fileRef = 66D25B042227AF6C00702DB5 /* AppDelegate.swift */; };
		66D25B0A2227AF6C00702DB5 /* Main.storyboard in Resources */ = {isa = PBXBuildFile; fileRef = 66D25B082227AF6C00702DB5 /* Main.storyboard */; };
		66D25B0C2227AF6E00702DB5 /* Assets.xcassets in Resources */ = {isa = PBXBuildFile; fileRef = 66D25B0B2227AF6E00702DB5 /* Assets.xcassets */; };
		66D25B0F2227AF6E00702DB5 /* LaunchScreen.storyboard in Resources */ = {isa = PBXBuildFile; fileRef = 66D25B0D2227AF6E00702DB5 /* LaunchScreen.storyboard */; };
		66D25B1A2227AF6E00702DB5 /* TumblrTests.swift in Sources */ = {isa = PBXBuildFile; fileRef = 66D25B192227AF6E00702DB5 /* TumblrTests.swift */; };
		66D25B252227AF6E00702DB5 /* TumblrUITests.swift in Sources */ = {isa = PBXBuildFile; fileRef = 66D25B242227AF6E00702DB5 /* TumblrUITests.swift */; };
		66D25B332227AF9800702DB5 /* PhotosViewController.swift in Sources */ = {isa = PBXBuildFile; fileRef = 66D25B322227AF9800702DB5 /* PhotosViewController.swift */; };
		66D25B352227B0DC00702DB5 /* PhotoCell.swift in Sources */ = {isa = PBXBuildFile; fileRef = 66D25B342227B0DC00702DB5 /* PhotoCell.swift */; };
		928814BE6F9F3B3E1BEC78A1 /* Pods_TumblrTests.framework in Frameworks */ = {isa = PBXBuildFile; fileRef = 61734867C3C31AB9024DA08D /* Pods_TumblrTests.framework */; };
		D215066473D4DCEA034CF48B /* Pods_Tumblr.framework in Frameworks */ = {isa = PBXBuildFile; fileRef = 3AB24502EE09A1D2854189CC /* Pods_Tumblr.framework */; };
/* End PBXBuildFile section */

/* Begin PBXContainerItemProxy section */
		66D25B162227AF6E00702DB5 /* PBXContainerItemProxy */ = {
			isa = PBXContainerItemProxy;
			containerPortal = 66D25AF92227AF6C00702DB5 /* Project object */;
			proxyType = 1;
			remoteGlobalIDString = 66D25B002227AF6C00702DB5;
			remoteInfo = Tumblr;
		};
		66D25B212227AF6E00702DB5 /* PBXContainerItemProxy */ = {
			isa = PBXContainerItemProxy;
			containerPortal = 66D25AF92227AF6C00702DB5 /* Project object */;
			proxyType = 1;
			remoteGlobalIDString = 66D25B002227AF6C00702DB5;
			remoteInfo = Tumblr;
		};
/* End PBXContainerItemProxy section */

/* Begin PBXFileReference section */
		257139AEAD93E1B5BB145CFD /* Pods-Tumblr.debug.xcconfig */ = {isa = PBXFileReference; includeInIndex = 1; lastKnownFileType = text.xcconfig; name = "Pods-Tumblr.debug.xcconfig"; path = "Target Support Files/Pods-Tumblr/Pods-Tumblr.debug.xcconfig"; sourceTree = "<group>"; };
		3413EA856B4ECB5B3C7AC06C /* Pods-TumblrUITests.debug.xcconfig */ = {isa = PBXFileReference; includeInIndex = 1; lastKnownFileType = text.xcconfig; name = "Pods-TumblrUITests.debug.xcconfig"; path = "Target Support Files/Pods-TumblrUITests/Pods-TumblrUITests.debug.xcconfig"; sourceTree = "<group>"; };
		3AB24502EE09A1D2854189CC /* Pods_Tumblr.framework */ = {isa = PBXFileReference; explicitFileType = wrapper.framework; includeInIndex = 0; path = Pods_Tumblr.framework; sourceTree = BUILT_PRODUCTS_DIR; };
		5C8D64C041FBCC4C3C2BCEBC /* Pods-Tumblr.release.xcconfig */ = {isa = PBXFileReference; includeInIndex = 1; lastKnownFileType = text.xcconfig; name = "Pods-Tumblr.release.xcconfig"; path = "Target Support Files/Pods-Tumblr/Pods-Tumblr.release.xcconfig"; sourceTree = "<group>"; };
		61734867C3C31AB9024DA08D /* Pods_TumblrTests.framework */ = {isa = PBXFileReference; explicitFileType = wrapper.framework; includeInIndex = 0; path = Pods_TumblrTests.framework; sourceTree = BUILT_PRODUCTS_DIR; };
		662E22AC22284231005D6A97 /* PhotoDetailsViewController.swift */ = {isa = PBXFileReference; lastKnownFileType = sourcecode.swift; path = PhotoDetailsViewController.swift; sourceTree = "<group>"; };
		66D25B012227AF6C00702DB5 /* Tumblr.app */ = {isa = PBXFileReference; explicitFileType = wrapper.application; includeInIndex = 0; path = Tumblr.app; sourceTree = BUILT_PRODUCTS_DIR; };
		66D25B042227AF6C00702DB5 /* AppDelegate.swift */ = {isa = PBXFileReference; lastKnownFileType = sourcecode.swift; path = AppDelegate.swift; sourceTree = "<group>"; };
		66D25B092227AF6C00702DB5 /* Base */ = {isa = PBXFileReference; lastKnownFileType = file.storyboard; name = Base; path = Base.lproj/Main.storyboard; sourceTree = "<group>"; };
		66D25B0B2227AF6E00702DB5 /* Assets.xcassets */ = {isa = PBXFileReference; lastKnownFileType = folder.assetcatalog; path = Assets.xcassets; sourceTree = "<group>"; };
		66D25B0E2227AF6E00702DB5 /* Base */ = {isa = PBXFileReference; lastKnownFileType = file.storyboard; name = Base; path = Base.lproj/LaunchScreen.storyboard; sourceTree = "<group>"; };
		66D25B102227AF6E00702DB5 /* Info.plist */ = {isa = PBXFileReference; lastKnownFileType = text.plist.xml; path = Info.plist; sourceTree = "<group>"; };
		66D25B152227AF6E00702DB5 /* TumblrTests.xctest */ = {isa = PBXFileReference; explicitFileType = wrapper.cfbundle; includeInIndex = 0; path = TumblrTests.xctest; sourceTree = BUILT_PRODUCTS_DIR; };
		66D25B192227AF6E00702DB5 /* TumblrTests.swift */ = {isa = PBXFileReference; lastKnownFileType = sourcecode.swift; path = TumblrTests.swift; sourceTree = "<group>"; };
		66D25B1B2227AF6E00702DB5 /* Info.plist */ = {isa = PBXFileReference; lastKnownFileType = text.plist.xml; path = Info.plist; sourceTree = "<group>"; };
		66D25B202227AF6E00702DB5 /* TumblrUITests.xctest */ = {isa = PBXFileReference; explicitFileType = wrapper.cfbundle; includeInIndex = 0; path = TumblrUITests.xctest; sourceTree = BUILT_PRODUCTS_DIR; };
		66D25B242227AF6E00702DB5 /* TumblrUITests.swift */ = {isa = PBXFileReference; lastKnownFileType = sourcecode.swift; path = TumblrUITests.swift; sourceTree = "<group>"; };
		66D25B262227AF6E00702DB5 /* Info.plist */ = {isa = PBXFileReference; lastKnownFileType = text.plist.xml; path = Info.plist; sourceTree = "<group>"; };
		66D25B322227AF9800702DB5 /* PhotosViewController.swift */ = {isa = PBXFileReference; lastKnownFileType = sourcecode.swift; path = PhotosViewController.swift; sourceTree = "<group>"; };
		66D25B342227B0DC00702DB5 /* PhotoCell.swift */ = {isa = PBXFileReference; lastKnownFileType = sourcecode.swift; path = PhotoCell.swift; sourceTree = "<group>"; };
		AA455B6CB96C53E9CAFF85E2 /* Pods-TumblrTests.debug.xcconfig */ = {isa = PBXFileReference; includeInIndex = 1; lastKnownFileType = text.xcconfig; name = "Pods-TumblrTests.debug.xcconfig"; path = "Target Support Files/Pods-TumblrTests/Pods-TumblrTests.debug.xcconfig"; sourceTree = "<group>"; };
		B2559D92A1AACB3EC05BEB41 /* Pods-TumblrTests.release.xcconfig */ = {isa = PBXFileReference; includeInIndex = 1; lastKnownFileType = text.xcconfig; name = "Pods-TumblrTests.release.xcconfig"; path = "Target Support Files/Pods-TumblrTests/Pods-TumblrTests.release.xcconfig"; sourceTree = "<group>"; };
		D3BB11519DB6B837BB03D108 /* Pods-TumblrUITests.release.xcconfig */ = {isa = PBXFileReference; includeInIndex = 1; lastKnownFileType = text.xcconfig; name = "Pods-TumblrUITests.release.xcconfig"; path = "Target Support Files/Pods-TumblrUITests/Pods-TumblrUITests.release.xcconfig"; sourceTree = "<group>"; };
		E87F8254FDEB2C75D212C497 /* Pods_TumblrUITests.framework */ = {isa = PBXFileReference; explicitFileType = wrapper.framework; includeInIndex = 0; path = Pods_TumblrUITests.framework; sourceTree = BUILT_PRODUCTS_DIR; };
/* End PBXFileReference section */

/* Begin PBXFrameworksBuildPhase section */
		66D25AFE2227AF6C00702DB5 /* Frameworks */ = {
			isa = PBXFrameworksBuildPhase;
			buildActionMask = 2147483647;
			files = (
				D215066473D4DCEA034CF48B /* Pods_Tumblr.framework in Frameworks */,
			);
			runOnlyForDeploymentPostprocessing = 0;
		};
		66D25B122227AF6E00702DB5 /* Frameworks */ = {
			isa = PBXFrameworksBuildPhase;
			buildActionMask = 2147483647;
			files = (
				928814BE6F9F3B3E1BEC78A1 /* Pods_TumblrTests.framework in Frameworks */,
			);
			runOnlyForDeploymentPostprocessing = 0;
		};
		66D25B1D2227AF6E00702DB5 /* Frameworks */ = {
			isa = PBXFrameworksBuildPhase;
			buildActionMask = 2147483647;
			files = (
				0C53DCD0C0E2651D1294ADA6 /* Pods_TumblrUITests.framework in Frameworks */,
			);
			runOnlyForDeploymentPostprocessing = 0;
		};
/* End PBXFrameworksBuildPhase section */

/* Begin PBXGroup section */
		66D25AF82227AF6C00702DB5 = {
			isa = PBXGroup;
			children = (
				66D25B032227AF6C00702DB5 /* Tumblr */,
				66D25B182227AF6E00702DB5 /* TumblrTests */,
				66D25B232227AF6E00702DB5 /* TumblrUITests */,
				66D25B022227AF6C00702DB5 /* Products */,
				FF8F1109E53FFDDF57151574 /* Pods */,
				EA2D4E117EDDBBED9693F83C /* Frameworks */,
			);
			sourceTree = "<group>";
		};
		66D25B022227AF6C00702DB5 /* Products */ = {
			isa = PBXGroup;
			children = (
				66D25B012227AF6C00702DB5 /* Tumblr.app */,
				66D25B152227AF6E00702DB5 /* TumblrTests.xctest */,
				66D25B202227AF6E00702DB5 /* TumblrUITests.xctest */,
			);
			name = Products;
			sourceTree = "<group>";
		};
		66D25B032227AF6C00702DB5 /* Tumblr */ = {
			isa = PBXGroup;
			children = (
				66D25B042227AF6C00702DB5 /* AppDelegate.swift */,
				66D25B082227AF6C00702DB5 /* Main.storyboard */,
				662E22AC22284231005D6A97 /* PhotoDetailsViewController.swift */,
				66D25B342227B0DC00702DB5 /* PhotoCell.swift */,
				66D25B0B2227AF6E00702DB5 /* Assets.xcassets */,
				66D25B322227AF9800702DB5 /* PhotosViewController.swift */,
				66D25B0D2227AF6E00702DB5 /* LaunchScreen.storyboard */,
				66D25B102227AF6E00702DB5 /* Info.plist */,
			);
			path = Tumblr;
			sourceTree = "<group>";
		};
		66D25B182227AF6E00702DB5 /* TumblrTests */ = {
			isa = PBXGroup;
			children = (
				66D25B192227AF6E00702DB5 /* TumblrTests.swift */,
				66D25B1B2227AF6E00702DB5 /* Info.plist */,
			);
			path = TumblrTests;
			sourceTree = "<group>";
		};
		66D25B232227AF6E00702DB5 /* TumblrUITests */ = {
			isa = PBXGroup;
			children = (
				66D25B242227AF6E00702DB5 /* TumblrUITests.swift */,
				66D25B262227AF6E00702DB5 /* Info.plist */,
			);
			path = TumblrUITests;
			sourceTree = "<group>";
		};
		EA2D4E117EDDBBED9693F83C /* Frameworks */ = {
			isa = PBXGroup;
			children = (
				3AB24502EE09A1D2854189CC /* Pods_Tumblr.framework */,
				61734867C3C31AB9024DA08D /* Pods_TumblrTests.framework */,
				E87F8254FDEB2C75D212C497 /* Pods_TumblrUITests.framework */,
			);
			name = Frameworks;
			sourceTree = "<group>";
		};
		FF8F1109E53FFDDF57151574 /* Pods */ = {
			isa = PBXGroup;
			children = (
				257139AEAD93E1B5BB145CFD /* Pods-Tumblr.debug.xcconfig */,
				5C8D64C041FBCC4C3C2BCEBC /* Pods-Tumblr.release.xcconfig */,
				AA455B6CB96C53E9CAFF85E2 /* Pods-TumblrTests.debug.xcconfig */,
				B2559D92A1AACB3EC05BEB41 /* Pods-TumblrTests.release.xcconfig */,
				3413EA856B4ECB5B3C7AC06C /* Pods-TumblrUITests.debug.xcconfig */,
				D3BB11519DB6B837BB03D108 /* Pods-TumblrUITests.release.xcconfig */,
			);
			path = Pods;
			sourceTree = "<group>";
		};
/* End PBXGroup section */

/* Begin PBXNativeTarget section */
		66D25B002227AF6C00702DB5 /* Tumblr */ = {
			isa = PBXNativeTarget;
			buildConfigurationList = 66D25B292227AF6E00702DB5 /* Build configuration list for PBXNativeTarget "Tumblr" */;
			buildPhases = (
				241D9539AB0F765D372B7A5F /* [CP] Check Pods Manifest.lock */,
				66D25AFD2227AF6C00702DB5 /* Sources */,
				66D25AFE2227AF6C00702DB5 /* Frameworks */,
				66D25AFF2227AF6C00702DB5 /* Resources */,
				EC69409ACA181E3637C2BF90 /* [CP] Embed Pods Frameworks */,
			);
			buildRules = (
			);
			dependencies = (
			);
			name = Tumblr;
			productName = Tumblr;
			productReference = 66D25B012227AF6C00702DB5 /* Tumblr.app */;
			productType = "com.apple.product-type.application";
		};
		66D25B142227AF6E00702DB5 /* TumblrTests */ = {
			isa = PBXNativeTarget;
			buildConfigurationList = 66D25B2C2227AF6E00702DB5 /* Build configuration list for PBXNativeTarget "TumblrTests" */;
			buildPhases = (
				8A37EB7E86F2C1B21213488A /* [CP] Check Pods Manifest.lock */,
				66D25B112227AF6E00702DB5 /* Sources */,
				66D25B122227AF6E00702DB5 /* Frameworks */,
				66D25B132227AF6E00702DB5 /* Resources */,
			);
			buildRules = (
			);
			dependencies = (
				66D25B172227AF6E00702DB5 /* PBXTargetDependency */,
			);
			name = TumblrTests;
			productName = TumblrTests;
			productReference = 66D25B152227AF6E00702DB5 /* TumblrTests.xctest */;
			productType = "com.apple.product-type.bundle.unit-test";
		};
		66D25B1F2227AF6E00702DB5 /* TumblrUITests */ = {
			isa = PBXNativeTarget;
			buildConfigurationList = 66D25B2F2227AF6E00702DB5 /* Build configuration list for PBXNativeTarget "TumblrUITests" */;
			buildPhases = (
				A9AB719F584904CAF1E9CAF4 /* [CP] Check Pods Manifest.lock */,
				66D25B1C2227AF6E00702DB5 /* Sources */,
				66D25B1D2227AF6E00702DB5 /* Frameworks */,
				66D25B1E2227AF6E00702DB5 /* Resources */,
			);
			buildRules = (
			);
			dependencies = (
				66D25B222227AF6E00702DB5 /* PBXTargetDependency */,
			);
			name = TumblrUITests;
			productName = TumblrUITests;
			productReference = 66D25B202227AF6E00702DB5 /* TumblrUITests.xctest */;
			productType = "com.apple.product-type.bundle.ui-testing";
		};
/* End PBXNativeTarget section */

/* Begin PBXProject section */
		66D25AF92227AF6C00702DB5 /* Project object */ = {
			isa = PBXProject;
			attributes = {
				LastSwiftUpdateCheck = 1010;
				LastUpgradeCheck = 1010;
				ORGANIZATIONNAME = "Jenny Li";
				TargetAttributes = {
					66D25B002227AF6C00702DB5 = {
						CreatedOnToolsVersion = 10.1;
					};
					66D25B142227AF6E00702DB5 = {
						CreatedOnToolsVersion = 10.1;
						TestTargetID = 66D25B002227AF6C00702DB5;
					};
					66D25B1F2227AF6E00702DB5 = {
						CreatedOnToolsVersion = 10.1;
						TestTargetID = 66D25B002227AF6C00702DB5;
					};
				};
			};
			buildConfigurationList = 66D25AFC2227AF6C00702DB5 /* Build configuration list for PBXProject "Tumblr" */;
			compatibilityVersion = "Xcode 9.3";
			developmentRegion = en;
			hasScannedForEncodings = 0;
			knownRegions = (
				en,
				Base,
			);
			mainGroup = 66D25AF82227AF6C00702DB5;
			productRefGroup = 66D25B022227AF6C00702DB5 /* Products */;
			projectDirPath = "";
			projectRoot = "";
			targets = (
				66D25B002227AF6C00702DB5 /* Tumblr */,
				66D25B142227AF6E00702DB5 /* TumblrTests */,
				66D25B1F2227AF6E00702DB5 /* TumblrUITests */,
			);
		};
/* End PBXProject section */

/* Begin PBXResourcesBuildPhase section */
		66D25AFF2227AF6C00702DB5 /* Resources */ = {
			isa = PBXResourcesBuildPhase;
			buildActionMask = 2147483647;
			files = (
				66D25B0F2227AF6E00702DB5 /* LaunchScreen.storyboard in Resources */,
				66D25B0C2227AF6E00702DB5 /* Assets.xcassets in Resources */,
				66D25B0A2227AF6C00702DB5 /* Main.storyboard in Resources */,
			);
			runOnlyForDeploymentPostprocessing = 0;
		};
		66D25B132227AF6E00702DB5 /* Resources */ = {
			isa = PBXResourcesBuildPhase;
			buildActionMask = 2147483647;
			files = (
			);
			runOnlyForDeploymentPostprocessing = 0;
		};
		66D25B1E2227AF6E00702DB5 /* Resources */ = {
			isa = PBXResourcesBuildPhase;
			buildActionMask = 2147483647;
			files = (
			);
			runOnlyForDeploymentPostprocessing = 0;
		};
/* End PBXResourcesBuildPhase section */

/* Begin PBXShellScriptBuildPhase section */
		241D9539AB0F765D372B7A5F /* [CP] Check Pods Manifest.lock */ = {
			isa = PBXShellScriptBuildPhase;
			buildActionMask = 2147483647;
			files = (
			);
			inputFileListPaths = (
			);
			inputPaths = (
				"${PODS_PODFILE_DIR_PATH}/Podfile.lock",
				"${PODS_ROOT}/Manifest.lock",
			);
			name = "[CP] Check Pods Manifest.lock";
			outputFileListPaths = (
			);
			outputPaths = (
				"$(DERIVED_FILE_DIR)/Pods-Tumblr-checkManifestLockResult.txt",
			);
			runOnlyForDeploymentPostprocessing = 0;
			shellPath = /bin/sh;
			shellScript = "diff \"${PODS_PODFILE_DIR_PATH}/Podfile.lock\" \"${PODS_ROOT}/Manifest.lock\" > /dev/null\nif [ $? != 0 ] ; then\n    # print error to STDERR\n    echo \"error: The sandbox is not in sync with the Podfile.lock. Run 'pod install' or update your CocoaPods installation.\" >&2\n    exit 1\nfi\n# This output is used by Xcode 'outputs' to avoid re-running this script phase.\necho \"SUCCESS\" > \"${SCRIPT_OUTPUT_FILE_0}\"\n";
			showEnvVarsInLog = 0;
		};
		8A37EB7E86F2C1B21213488A /* [CP] Check Pods Manifest.lock */ = {
			isa = PBXShellScriptBuildPhase;
			buildActionMask = 2147483647;
			files = (
			);
			inputFileListPaths = (
			);
			inputPaths = (
				"${PODS_PODFILE_DIR_PATH}/Podfile.lock",
				"${PODS_ROOT}/Manifest.lock",
			);
			name = "[CP] Check Pods Manifest.lock";
			outputFileListPaths = (
			);
			outputPaths = (
				"$(DERIVED_FILE_DIR)/Pods-TumblrTests-checkManifestLockResult.txt",
			);
			runOnlyForDeploymentPostprocessing = 0;
			shellPath = /bin/sh;
			shellScript = "diff \"${PODS_PODFILE_DIR_PATH}/Podfile.lock\" \"${PODS_ROOT}/Manifest.lock\" > /dev/null\nif [ $? != 0 ] ; then\n    # print error to STDERR\n    echo \"error: The sandbox is not in sync with the Podfile.lock. Run 'pod install' or update your CocoaPods installation.\" >&2\n    exit 1\nfi\n# This output is used by Xcode 'outputs' to avoid re-running this script phase.\necho \"SUCCESS\" > \"${SCRIPT_OUTPUT_FILE_0}\"\n";
			showEnvVarsInLog = 0;
		};
		A9AB719F584904CAF1E9CAF4 /* [CP] Check Pods Manifest.lock */ = {
			isa = PBXShellScriptBuildPhase;
			buildActionMask = 2147483647;
			files = (
			);
			inputFileListPaths = (
			);
			inputPaths = (
				"${PODS_PODFILE_DIR_PATH}/Podfile.lock",
				"${PODS_ROOT}/Manifest.lock",
			);
			name = "[CP] Check Pods Manifest.lock";
			outputFileListPaths = (
			);
			outputPaths = (
				"$(DERIVED_FILE_DIR)/Pods-TumblrUITests-checkManifestLockResult.txt",
			);
			runOnlyForDeploymentPostprocessing = 0;
			shellPath = /bin/sh;
			shellScript = "diff \"${PODS_PODFILE_DIR_PATH}/Podfile.lock\" \"${PODS_ROOT}/Manifest.lock\" > /dev/null\nif [ $? != 0 ] ; then\n    # print error to STDERR\n    echo \"error: The sandbox is not in sync with the Podfile.lock. Run 'pod install' or update your CocoaPods installation.\" >&2\n    exit 1\nfi\n# This output is used by Xcode 'outputs' to avoid re-running this script phase.\necho \"SUCCESS\" > \"${SCRIPT_OUTPUT_FILE_0}\"\n";
			showEnvVarsInLog = 0;
		};
		EC69409ACA181E3637C2BF90 /* [CP] Embed Pods Frameworks */ = {
			isa = PBXShellScriptBuildPhase;
			buildActionMask = 2147483647;
			files = (
			);
			inputFileListPaths = (
			);
			inputPaths = (
				"${PODS_ROOT}/Target Support Files/Pods-Tumblr/Pods-Tumblr-frameworks.sh",
				"${BUILT_PRODUCTS_DIR}/Alamofire/Alamofire.framework",
				"${BUILT_PRODUCTS_DIR}/AlamofireImage/AlamofireImage.framework",
			);
			name = "[CP] Embed Pods Frameworks";
			outputFileListPaths = (
			);
			outputPaths = (
				"${TARGET_BUILD_DIR}/${FRAMEWORKS_FOLDER_PATH}/Alamofire.framework",
				"${TARGET_BUILD_DIR}/${FRAMEWORKS_FOLDER_PATH}/AlamofireImage.framework",
			);
			runOnlyForDeploymentPostprocessing = 0;
			shellPath = /bin/sh;
			shellScript = "\"${PODS_ROOT}/Target Support Files/Pods-Tumblr/Pods-Tumblr-frameworks.sh\"\n";
			showEnvVarsInLog = 0;
		};
/* End PBXShellScriptBuildPhase section */

/* Begin PBXSourcesBuildPhase section */
		66D25AFD2227AF6C00702DB5 /* Sources */ = {
			isa = PBXSourcesBuildPhase;
			buildActionMask = 2147483647;
			files = (
				662E22AD22284231005D6A97 /* PhotoDetailsViewController.swift in Sources */,
				66D25B052227AF6C00702DB5 /* AppDelegate.swift in Sources */,
				66D25B352227B0DC00702DB5 /* PhotoCell.swift in Sources */,
				66D25B332227AF9800702DB5 /* PhotosViewController.swift in Sources */,
			);
			runOnlyForDeploymentPostprocessing = 0;
		};
		66D25B112227AF6E00702DB5 /* Sources */ = {
			isa = PBXSourcesBuildPhase;
			buildActionMask = 2147483647;
			files = (
				66D25B1A2227AF6E00702DB5 /* TumblrTests.swift in Sources */,
			);
			runOnlyForDeploymentPostprocessing = 0;
		};
		66D25B1C2227AF6E00702DB5 /* Sources */ = {
			isa = PBXSourcesBuildPhase;
			buildActionMask = 2147483647;
			files = (
				66D25B252227AF6E00702DB5 /* TumblrUITests.swift in Sources */,
			);
			runOnlyForDeploymentPostprocessing = 0;
		};
/* End PBXSourcesBuildPhase section */

/* Begin PBXTargetDependency section */
		66D25B172227AF6E00702DB5 /* PBXTargetDependency */ = {
			isa = PBXTargetDependency;
			target = 66D25B002227AF6C00702DB5 /* Tumblr */;
			targetProxy = 66D25B162227AF6E00702DB5 /* PBXContainerItemProxy */;
		};
		66D25B222227AF6E00702DB5 /* PBXTargetDependency */ = {
			isa = PBXTargetDependency;
			target = 66D25B002227AF6C00702DB5 /* Tumblr */;
			targetProxy = 66D25B212227AF6E00702DB5 /* PBXContainerItemProxy */;
		};
/* End PBXTargetDependency section */

/* Begin PBXVariantGroup section */
		66D25B082227AF6C00702DB5 /* Main.storyboard */ = {
			isa = PBXVariantGroup;
			children = (
				66D25B092227AF6C00702DB5 /* Base */,
			);
			name = Main.storyboard;
			sourceTree = "<group>";
		};
		66D25B0D2227AF6E00702DB5 /* LaunchScreen.storyboard */ = {
			isa = PBXVariantGroup;
			children = (
				66D25B0E2227AF6E00702DB5 /* Base */,
			);
			name = LaunchScreen.storyboard;
			sourceTree = "<group>";
		};
/* End PBXVariantGroup section */

/* Begin XCBuildConfiguration section */
		66D25B272227AF6E00702DB5 /* Debug */ = {
			isa = XCBuildConfiguration;
			buildSettings = {
				ALWAYS_SEARCH_USER_PATHS = NO;
				CLANG_ANALYZER_NONNULL = YES;
				CLANG_ANALYZER_NUMBER_OBJECT_CONVERSION = YES_AGGRESSIVE;
				CLANG_CXX_LANGUAGE_STANDARD = "gnu++14";
				CLANG_CXX_LIBRARY = "libc++";
				CLANG_ENABLE_MODULES = YES;
				CLANG_ENABLE_OBJC_ARC = YES;
				CLANG_ENABLE_OBJC_WEAK = YES;
				CLANG_WARN_BLOCK_CAPTURE_AUTORELEASING = YES;
				CLANG_WARN_BOOL_CONVERSION = YES;
				CLANG_WARN_COMMA = YES;
				CLANG_WARN_CONSTANT_CONVERSION = YES;
				CLANG_WARN_DEPRECATED_OBJC_IMPLEMENTATIONS = YES;
				CLANG_WARN_DIRECT_OBJC_ISA_USAGE = YES_ERROR;
				CLANG_WARN_DOCUMENTATION_COMMENTS = YES;
				CLANG_WARN_EMPTY_BODY = YES;
				CLANG_WARN_ENUM_CONVERSION = YES;
				CLANG_WARN_INFINITE_RECURSION = YES;
				CLANG_WARN_INT_CONVERSION = YES;
				CLANG_WARN_NON_LITERAL_NULL_CONVERSION = YES;
				CLANG_WARN_OBJC_IMPLICIT_RETAIN_SELF = YES;
				CLANG_WARN_OBJC_LITERAL_CONVERSION = YES;
				CLANG_WARN_OBJC_ROOT_CLASS = YES_ERROR;
				CLANG_WARN_RANGE_LOOP_ANALYSIS = YES;
				CLANG_WARN_STRICT_PROTOTYPES = YES;
				CLANG_WARN_SUSPICIOUS_MOVE = YES;
				CLANG_WARN_UNGUARDED_AVAILABILITY = YES_AGGRESSIVE;
				CLANG_WARN_UNREACHABLE_CODE = YES;
				CLANG_WARN__DUPLICATE_METHOD_MATCH = YES;
				CODE_SIGN_IDENTITY = "iPhone Developer";
				COPY_PHASE_STRIP = NO;
				DEBUG_INFORMATION_FORMAT = dwarf;
				ENABLE_STRICT_OBJC_MSGSEND = YES;
				ENABLE_TESTABILITY = YES;
				GCC_C_LANGUAGE_STANDARD = gnu11;
				GCC_DYNAMIC_NO_PIC = NO;
				GCC_NO_COMMON_BLOCKS = YES;
				GCC_OPTIMIZATION_LEVEL = 0;
				GCC_PREPROCESSOR_DEFINITIONS = (
					"DEBUG=1",
					"$(inherited)",
				);
				GCC_WARN_64_TO_32_BIT_CONVERSION = YES;
				GCC_WARN_ABOUT_RETURN_TYPE = YES_ERROR;
				GCC_WARN_UNDECLARED_SELECTOR = YES;
				GCC_WARN_UNINITIALIZED_AUTOS = YES_AGGRESSIVE;
				GCC_WARN_UNUSED_FUNCTION = YES;
				GCC_WARN_UNUSED_VARIABLE = YES;
				IPHONEOS_DEPLOYMENT_TARGET = 12.1;
				MTL_ENABLE_DEBUG_INFO = INCLUDE_SOURCE;
				MTL_FAST_MATH = YES;
				ONLY_ACTIVE_ARCH = YES;
				SDKROOT = iphoneos;
				SWIFT_ACTIVE_COMPILATION_CONDITIONS = DEBUG;
				SWIFT_OPTIMIZATION_LEVEL = "-Onone";
			};
			name = Debug;
		};
		66D25B282227AF6E00702DB5 /* Release */ = {
			isa = XCBuildConfiguration;
			buildSettings = {
				ALWAYS_SEARCH_USER_PATHS = NO;
				CLANG_ANALYZER_NONNULL = YES;
				CLANG_ANALYZER_NUMBER_OBJECT_CONVERSION = YES_AGGRESSIVE;
				CLANG_CXX_LANGUAGE_STANDARD = "gnu++14";
				CLANG_CXX_LIBRARY = "libc++";
				CLANG_ENABLE_MODULES = YES;
				CLANG_ENABLE_OBJC_ARC = YES;
				CLANG_ENABLE_OBJC_WEAK = YES;
				CLANG_WARN_BLOCK_CAPTURE_AUTORELEASING = YES;
				CLANG_WARN_BOOL_CONVERSION = YES;
				CLANG_WARN_COMMA = YES;
				CLANG_WARN_CONSTANT_CONVERSION = YES;
				CLANG_WARN_DEPRECATED_OBJC_IMPLEMENTATIONS = YES;
				CLANG_WARN_DIRECT_OBJC_ISA_USAGE = YES_ERROR;
				CLANG_WARN_DOCUMENTATION_COMMENTS = YES;
				CLANG_WARN_EMPTY_BODY = YES;
				CLANG_WARN_ENUM_CONVERSION = YES;
				CLANG_WARN_INFINITE_RECURSION = YES;
				CLANG_WARN_INT_CONVERSION = YES;
				CLANG_WARN_NON_LITERAL_NULL_CONVERSION = YES;
				CLANG_WARN_OBJC_IMPLICIT_RETAIN_SELF = YES;
				CLANG_WARN_OBJC_LITERAL_CONVERSION = YES;
				CLANG_WARN_OBJC_ROOT_CLASS = YES_ERROR;
				CLANG_WARN_RANGE_LOOP_ANALYSIS = YES;
				CLANG_WARN_STRICT_PROTOTYPES = YES;
				CLANG_WARN_SUSPICIOUS_MOVE = YES;
				CLANG_WARN_UNGUARDED_AVAILABILITY = YES_AGGRESSIVE;
				CLANG_WARN_UNREACHABLE_CODE = YES;
				CLANG_WARN__DUPLICATE_METHOD_MATCH = YES;
				CODE_SIGN_IDENTITY = "iPhone Developer";
				COPY_PHASE_STRIP = NO;
				DEBUG_INFORMATION_FORMAT = "dwarf-with-dsym";
				ENABLE_NS_ASSERTIONS = NO;
				ENABLE_STRICT_OBJC_MSGSEND = YES;
				GCC_C_LANGUAGE_STANDARD = gnu11;
				GCC_NO_COMMON_BLOCKS = YES;
				GCC_WARN_64_TO_32_BIT_CONVERSION = YES;
				GCC_WARN_ABOUT_RETURN_TYPE = YES_ERROR;
				GCC_WARN_UNDECLARED_SELECTOR = YES;
				GCC_WARN_UNINITIALIZED_AUTOS = YES_AGGRESSIVE;
				GCC_WARN_UNUSED_FUNCTION = YES;
				GCC_WARN_UNUSED_VARIABLE = YES;
				IPHONEOS_DEPLOYMENT_TARGET = 12.1;
				MTL_ENABLE_DEBUG_INFO = NO;
				MTL_FAST_MATH = YES;
				SDKROOT = iphoneos;
				SWIFT_COMPILATION_MODE = wholemodule;
				SWIFT_OPTIMIZATION_LEVEL = "-O";
				VALIDATE_PRODUCT = YES;
			};
			name = Release;
		};
		66D25B2A2227AF6E00702DB5 /* Debug */ = {
			isa = XCBuildConfiguration;
			baseConfigurationReference = 257139AEAD93E1B5BB145CFD /* Pods-Tumblr.debug.xcconfig */;
			buildSettings = {
				ASSETCATALOG_COMPILER_APPICON_NAME = AppIcon;
				CODE_SIGN_STYLE = Automatic;
				INFOPLIST_FILE = Tumblr/Info.plist;
				LD_RUNPATH_SEARCH_PATHS = (
					"$(inherited)",
					"@executable_path/Frameworks",
				);
				PRODUCT_BUNDLE_IDENTIFIER = com.JennyLi.Tumblr;
				PRODUCT_NAME = "$(TARGET_NAME)";
				SWIFT_VERSION = 4.2;
				TARGETED_DEVICE_FAMILY = "1,2";
			};
			name = Debug;
		};
		66D25B2B2227AF6E00702DB5 /* Release */ = {
			isa = XCBuildConfiguration;
			baseConfigurationReference = 5C8D64C041FBCC4C3C2BCEBC /* Pods-Tumblr.release.xcconfig */;
			buildSettings = {
				ASSETCATALOG_COMPILER_APPICON_NAME = AppIcon;
				CODE_SIGN_STYLE = Automatic;
				INFOPLIST_FILE = Tumblr/Info.plist;
				LD_RUNPATH_SEARCH_PATHS = (
					"$(inherited)",
					"@executable_path/Frameworks",
				);
				PRODUCT_BUNDLE_IDENTIFIER = com.JennyLi.Tumblr;
				PRODUCT_NAME = "$(TARGET_NAME)";
				SWIFT_VERSION = 4.2;
				TARGETED_DEVICE_FAMILY = "1,2";
			};
			name = Release;
		};
		66D25B2D2227AF6E00702DB5 /* Debug */ = {
			isa = XCBuildConfiguration;
			baseConfigurationReference = AA455B6CB96C53E9CAFF85E2 /* Pods-TumblrTests.debug.xcconfig */;
			buildSettings = {
				ALWAYS_EMBED_SWIFT_STANDARD_LIBRARIES = YES;
				BUNDLE_LOADER = "$(TEST_HOST)";
				CODE_SIGN_STYLE = Automatic;
				INFOPLIST_FILE = TumblrTests/Info.plist;
				LD_RUNPATH_SEARCH_PATHS = (
					"$(inherited)",
					"@executable_path/Frameworks",
					"@loader_path/Frameworks",
				);
				PRODUCT_BUNDLE_IDENTIFIER = com.JennyLi.TumblrTests;
				PRODUCT_NAME = "$(TARGET_NAME)";
				SWIFT_VERSION = 4.2;
				TARGETED_DEVICE_FAMILY = "1,2";
				TEST_HOST = "$(BUILT_PRODUCTS_DIR)/Tumblr.app/Tumblr";
			};
			name = Debug;
		};
		66D25B2E2227AF6E00702DB5 /* Release */ = {
			isa = XCBuildConfiguration;
			baseConfigurationReference = B2559D92A1AACB3EC05BEB41 /* Pods-TumblrTests.release.xcconfig */;
			buildSettings = {
				ALWAYS_EMBED_SWIFT_STANDARD_LIBRARIES = YES;
				BUNDLE_LOADER = "$(TEST_HOST)";
				CODE_SIGN_STYLE = Automatic;
				INFOPLIST_FILE = TumblrTests/Info.plist;
				LD_RUNPATH_SEARCH_PATHS = (
					"$(inherited)",
					"@executable_path/Frameworks",
					"@loader_path/Frameworks",
				);
				PRODUCT_BUNDLE_IDENTIFIER = com.JennyLi.TumblrTests;
				PRODUCT_NAME = "$(TARGET_NAME)";
				SWIFT_VERSION = 4.2;
				TARGETED_DEVICE_FAMILY = "1,2";
				TEST_HOST = "$(BUILT_PRODUCTS_DIR)/Tumblr.app/Tumblr";
			};
			name = Release;
		};
		66D25B302227AF6E00702DB5 /* Debug */ = {
			isa = XCBuildConfiguration;
			baseConfigurationReference = 3413EA856B4ECB5B3C7AC06C /* Pods-TumblrUITests.debug.xcconfig */;
			buildSettings = {
				ALWAYS_EMBED_SWIFT_STANDARD_LIBRARIES = YES;
				CODE_SIGN_STYLE = Automatic;
				INFOPLIST_FILE = TumblrUITests/Info.plist;
				LD_RUNPATH_SEARCH_PATHS = (
					"$(inherited)",
					"@executable_path/Frameworks",
					"@loader_path/Frameworks",
				);
				PRODUCT_BUNDLE_IDENTIFIER = com.JennyLi.TumblrUITests;
				PRODUCT_NAME = "$(TARGET_NAME)";
				SWIFT_VERSION = 4.2;
				TARGETED_DEVICE_FAMILY = "1,2";
				TEST_TARGET_NAME = Tumblr;
			};
			name = Debug;
		};
		66D25B312227AF6E00702DB5 /* Release */ = {
			isa = XCBuildConfiguration;
			baseConfigurationReference = D3BB11519DB6B837BB03D108 /* Pods-TumblrUITests.release.xcconfig */;
			buildSettings = {
				ALWAYS_EMBED_SWIFT_STANDARD_LIBRARIES = YES;
				CODE_SIGN_STYLE = Automatic;
				INFOPLIST_FILE = TumblrUITests/Info.plist;
				LD_RUNPATH_SEARCH_PATHS = (
					"$(inherited)",
					"@executable_path/Frameworks",
					"@loader_path/Frameworks",
				);
				PRODUCT_BUNDLE_IDENTIFIER = com.JennyLi.TumblrUITests;
				PRODUCT_NAME = "$(TARGET_NAME)";
				SWIFT_VERSION = 4.2;
				TARGETED_DEVICE_FAMILY = "1,2";
				TEST_TARGET_NAME = Tumblr;
			};
			name = Release;
		};
/* End XCBuildConfiguration section */

/* Begin XCConfigurationList section */
		66D25AFC2227AF6C00702DB5 /* Build configuration list for PBXProject "Tumblr" */ = {
			isa = XCConfigurationList;
			buildConfigurations = (
				66D25B272227AF6E00702DB5 /* Debug */,
				66D25B282227AF6E00702DB5 /* Release */,
			);
			defaultConfigurationIsVisible = 0;
			defaultConfigurationName = Release;
		};
		66D25B292227AF6E00702DB5 /* Build configuration list for PBXNativeTarget "Tumblr" */ = {
			isa = XCConfigurationList;
			buildConfigurations = (
				66D25B2A2227AF6E00702DB5 /* Debug */,
				66D25B2B2227AF6E00702DB5 /* Release */,
			);
			defaultConfigurationIsVisible = 0;
			defaultConfigurationName = Release;
		};
		66D25B2C2227AF6E00702DB5 /* Build configuration list for PBXNativeTarget "TumblrTests" */ = {
			isa = XCConfigurationList;
			buildConfigurations = (
				66D25B2D2227AF6E00702DB5 /* Debug */,
				66D25B2E2227AF6E00702DB5 /* Release */,
			);
			defaultConfigurationIsVisible = 0;
			defaultConfigurationName = Release;
		};
		66D25B2F2227AF6E00702DB5 /* Build configuration list for PBXNativeTarget "TumblrUITests" */ = {
			isa = XCConfigurationList;
			buildConfigurations = (
				66D25B302227AF6E00702DB5 /* Debug */,
				66D25B312227AF6E00702DB5 /* Release */,
			);
			defaultConfigurationIsVisible = 0;
			defaultConfigurationName = Release;
		};
/* End XCConfigurationList section */
	};
	rootObject = 66D25AF92227AF6C00702DB5 /* Project object */;
}
